
Microsoft Visual Studio Solution File, Format Version 12.00
# Visual Studio Version 17
VisualStudioVersion = 17.2.32519.379
MinimumVisualStudioVersion = 10.0.40219.1
Project("{FAE04EC0-301F-11D3-BF4B-00C04F79EFBC}") = "brrrPitpm1vo2sem", "brrrPitpm1vo2sem\brrrPitpm1vo2sem.csproj", "{E9CDE047-FEE7-4AB6-9ED4-EB66C3A69BBD}"
EndProject
Project("{FAE04EC0-301F-11D3-BF4B-00C04F79EFBC}") = "vstavka", "vstavka\vstavka.csproj", "{86EAE9D8-400E-43E6-B5AF-A8662F9B25EC}"
EndProject
Project("{FAE04EC0-301F-11D3-BF4B-00C04F79EFBC}") = "UnitTesto", "UnitTesto\UnitTesto.csproj", "{CA32BB67-4D61-4E8E-847E-AC98FDFA3160}"
EndProject
Global
	GlobalSection(SolutionConfigurationPlatforms) = preSolution
		Debug|Any CPU = Debug|Any CPU
		Release|Any CPU = Release|Any CPU
	EndGlobalSection
	GlobalSection(ProjectConfigurationPlatforms) = postSolution
		{E9CDE047-FEE7-4AB6-9ED4-EB66C3A69BBD}.Debug|Any CPU.ActiveCfg = Debug|Any CPU
		{E9CDE047-FEE7-4AB6-9ED4-EB66C3A69BBD}.Debug|Any CPU.Build.0 = Debug|Any CPU
		{E9CDE047-FEE7-4AB6-9ED4-EB66C3A69BBD}.Release|Any CPU.ActiveCfg = Release|Any CPU
		{E9CDE047-FEE7-4AB6-9ED4-EB66C3A69BBD}.Release|Any CPU.Build.0 = Release|Any CPU
		{86EAE9D8-400E-43E6-B5AF-A8662F9B25EC}.Debug|Any CPU.ActiveCfg = Debug|Any CPU
		{86EAE9D8-400E-43E6-B5AF-A8662F9B25EC}.Debug|Any CPU.Build.0 = Debug|Any CPU
		{86EAE9D8-400E-43E6-B5AF-A8662F9B25EC}.Release|Any CPU.ActiveCfg = Release|Any CPU
		{86EAE9D8-400E-43E6-B5AF-A8662F9B25EC}.Release|Any CPU.Build.0 = Release|Any CPU
		{CA32BB67-4D61-4E8E-847E-AC98FDFA3160}.Debug|Any CPU.ActiveCfg = Debug|Any CPU
		{CA32BB67-4D61-4E8E-847E-AC98FDFA3160}.Debug|Any CPU.Build.0 = Debug|Any CPU
		{CA32BB67-4D61-4E8E-847E-AC98FDFA3160}.Release|Any CPU.ActiveCfg = Release|Any CPU
		{CA32BB67-4D61-4E8E-847E-AC98FDFA3160}.Release|Any CPU.Build.0 = Release|Any CPU
	EndGlobalSection
	GlobalSection(SolutionProperties) = preSolution
		HideSolutionNode = FALSE
	EndGlobalSection
	GlobalSection(ExtensibilityGlobals) = postSolution
		SolutionGuid = {3C9E2F0A-134F-4806-A308-B0F13741F531}
	EndGlobalSection
EndGlobal
